
Microsoft Visual Studio Solution File, Format Version 12.00
# Visual Studio Version 17
VisualStudioVersion = 17.0.32112.339
MinimumVisualStudioVersion = 10.0.40219.1
Project("{FAE04EC0-301F-11D3-BF4B-00C04F79EFBC}") = "Assessment1_Arrays", "Assessment1_Arrays\Assessment1_Arrays.csproj", "{469BB4DA-A1BE-402E-AC4D-D5162D5E459E}"
EndProject
Project("{FAE04EC0-301F-11D3-BF4B-00C04F79EFBC}") = "Assessment1_Arrays.Test", "Assessment1_Arrays.Test\Assessment1_Arrays.Test.csproj", "{0862D12F-83FB-42FE-9D27-347CCB037647}"
EndProject
Global
	GlobalSection(SolutionConfigurationPlatforms) = preSolution
		Debug|Any CPU = Debug|Any CPU
		Release|Any CPU = Release|Any CPU
	EndGlobalSection
	GlobalSection(ProjectConfigurationPlatforms) = postSolution
		{469BB4DA-A1BE-402E-AC4D-D5162D5E459E}.Debug|Any CPU.ActiveCfg = Debug|Any CPU
		{469BB4DA-A1BE-402E-AC4D-D5162D5E459E}.Debug|Any CPU.Build.0 = Debug|Any CPU
		{469BB4DA-A1BE-402E-AC4D-D5162D5E459E}.Release|Any CPU.ActiveCfg = Release|Any CPU
		{469BB4DA-A1BE-402E-AC4D-D5162D5E459E}.Release|Any CPU.Build.0 = Release|Any CPU
		{0862D12F-83FB-42FE-9D27-347CCB037647}.Debug|Any CPU.ActiveCfg = Debug|Any CPU
		{0862D12F-83FB-42FE-9D27-347CCB037647}.Debug|Any CPU.Build.0 = Debug|Any CPU
		{0862D12F-83FB-42FE-9D27-347CCB037647}.Release|Any CPU.ActiveCfg = Release|Any CPU
		{0862D12F-83FB-42FE-9D27-347CCB037647}.Release|Any CPU.Build.0 = Release|Any CPU
	EndGlobalSection
	GlobalSection(SolutionProperties) = preSolution
		HideSolutionNode = FALSE
	EndGlobalSection
	GlobalSection(ExtensibilityGlobals) = postSolution
		SolutionGuid = {8BC1D04D-2DF8-4D26-8592-F831CCDCE076}
	EndGlobalSection
EndGlobal
